
Microsoft Visual Studio Solution File, Format Version 12.00
# Visual Studio Version 17
VisualStudioVersion = 17.11.35327.3
MinimumVisualStudioVersion = 10.0.40219.1
Project("{FAE04EC0-301F-11D3-BF4B-00C04F79EFBC}") = "StoreCenter.Api", "StoreCenter.Api\StoreCenter.Api.csproj", "{EAF05EA4-1813-4323-82C3-506AD07BC00A}"
EndProject
Global
	GlobalSection(SolutionConfigurationPlatforms) = preSolution
		Debug|Any CPU = Debug|Any CPU
		Release|Any CPU = Release|Any CPU
	EndGlobalSection
	GlobalSection(ProjectConfigurationPlatforms) = postSolution
		{EAF05EA4-1813-4323-82C3-506AD07BC00A}.Debug|Any CPU.ActiveCfg = Debug|Any CPU
		{EAF05EA4-1813-4323-82C3-506AD07BC00A}.Debug|Any CPU.Build.0 = Debug|Any CPU
		{EAF05EA4-1813-4323-82C3-506AD07BC00A}.Release|Any CPU.ActiveCfg = Release|Any CPU
		{EAF05EA4-1813-4323-82C3-506AD07BC00A}.Release|Any CPU.Build.0 = Release|Any CPU
	EndGlobalSection
	GlobalSection(SolutionProperties) = preSolution
		HideSolutionNode = FALSE
	EndGlobalSection
	GlobalSection(ExtensibilityGlobals) = postSolution
		SolutionGuid = {7EA061B4-1BBD-4ADF-80DE-283129FEB03A}
	EndGlobalSection
EndGlobal
