
Microsoft Visual Studio Solution File, Format Version 12.00
# Visual Studio Version 17
VisualStudioVersion = 17.11.35327.3
MinimumVisualStudioVersion = 10.0.40219.1
Project("{9A19103F-16F7-4668-BE54-9A1E7A4F7556}") = "StoreCenter.Api", "StoreCenter.Api\StoreCenter.Api.csproj", "{EAF05EA4-1813-4323-82C3-506AD07BC00A}"
EndProject
Project("{FAE04EC0-301F-11D3-BF4B-00C04F79EFBC}") = "StoreCenter.Application", "StoreCenter.Application\StoreCenter.Application.csproj", "{77D20324-A4FA-4EB4-A9A0-7C8D15979938}"
EndProject
Project("{FAE04EC0-301F-11D3-BF4B-00C04F79EFBC}") = "StoreCenter.Domain", "StoreCenter.Domain\StoreCenter.Domain.csproj", "{9F853986-A307-4F48-AE7C-0D1389942F55}"
EndProject
Project("{FAE04EC0-301F-11D3-BF4B-00C04F79EFBC}") = "StoreCenter.Infrastructure", "StoreCenter.Infrastructure\StoreCenter.Infrastructure.csproj", "{0D333B95-6BC2-4087-9AB3-69F338743CEA}"
EndProject
Project("{2150E333-8FDC-42A3-9474-1A3956D46DE8}") = "Solution Items", "Solution Items", "{B6926142-9703-4804-A9AD-CDC94C5449E7}"
	ProjectSection(SolutionItems) = preProject
		Readme.md = Readme.md
	EndProjectSection
EndProject
Project("{2150E333-8FDC-42A3-9474-1A3956D46DE8}") = "StoreCenter.Tests", "StoreCenter.Tests", "{0D93F4E3-6D57-ABC9-1096-DE9EDDE49B44}"
EndProject
Project("{FAE04EC0-301F-11D3-BF4B-00C04F79EFBC}") = "StoreCenter.UnitTests", "StoreCenter.Tests\StoreCenter.UnitTests\StoreCenter.UnitTests.csproj", "{8A31AB8B-69DF-4B0A-B7EA-96067084CEF3}"
EndProject
Project("{FAE04EC0-301F-11D3-BF4B-00C04F79EFBC}") = "StoreCenter.IntegrationTests", "StoreCenter.Tests\StoreCenter.IntegrationTests\StoreCenter.IntegrationTests.csproj", "{215E2510-AD45-4B76-A876-028EBD171E8E}"
EndProject
Project("{FAE04EC0-301F-11D3-BF4B-00C04F79EFBC}") = "StoreCenter.E2ETests", "StoreCenter.Tests\StoreCenter.E2ETests\StoreCenter.E2ETests.csproj", "{CABD01A5-71E0-4680-BD63-E42143A49377}"
EndProject
Global
	GlobalSection(SolutionConfigurationPlatforms) = preSolution
		Debug|Any CPU = Debug|Any CPU
		Debug|x64 = Debug|x64
		Debug|x86 = Debug|x86
		Release|Any CPU = Release|Any CPU
		Release|x64 = Release|x64
		Release|x86 = Release|x86
	EndGlobalSection
	GlobalSection(ProjectConfigurationPlatforms) = postSolution
		{EAF05EA4-1813-4323-82C3-506AD07BC00A}.Debug|Any CPU.ActiveCfg = Debug|Any CPU
		{EAF05EA4-1813-4323-82C3-506AD07BC00A}.Debug|Any CPU.Build.0 = Debug|Any CPU
		{EAF05EA4-1813-4323-82C3-506AD07BC00A}.Debug|x64.ActiveCfg = Debug|Any CPU
		{EAF05EA4-1813-4323-82C3-506AD07BC00A}.Debug|x64.Build.0 = Debug|Any CPU
		{EAF05EA4-1813-4323-82C3-506AD07BC00A}.Debug|x86.ActiveCfg = Debug|Any CPU
		{EAF05EA4-1813-4323-82C3-506AD07BC00A}.Debug|x86.Build.0 = Debug|Any CPU
		{EAF05EA4-1813-4323-82C3-506AD07BC00A}.Release|Any CPU.ActiveCfg = Release|Any CPU
		{EAF05EA4-1813-4323-82C3-506AD07BC00A}.Release|Any CPU.Build.0 = Release|Any CPU
		{EAF05EA4-1813-4323-82C3-506AD07BC00A}.Release|x64.ActiveCfg = Release|Any CPU
		{EAF05EA4-1813-4323-82C3-506AD07BC00A}.Release|x64.Build.0 = Release|Any CPU
		{EAF05EA4-1813-4323-82C3-506AD07BC00A}.Release|x86.ActiveCfg = Release|Any CPU
		{EAF05EA4-1813-4323-82C3-506AD07BC00A}.Release|x86.Build.0 = Release|Any CPU
		{77D20324-A4FA-4EB4-A9A0-7C8D15979938}.Debug|Any CPU.ActiveCfg = Debug|Any CPU
		{77D20324-A4FA-4EB4-A9A0-7C8D15979938}.Debug|Any CPU.Build.0 = Debug|Any CPU
		{77D20324-A4FA-4EB4-A9A0-7C8D15979938}.Debug|x64.ActiveCfg = Debug|Any CPU
		{77D20324-A4FA-4EB4-A9A0-7C8D15979938}.Debug|x64.Build.0 = Debug|Any CPU
		{77D20324-A4FA-4EB4-A9A0-7C8D15979938}.Debug|x86.ActiveCfg = Debug|Any CPU
		{77D20324-A4FA-4EB4-A9A0-7C8D15979938}.Debug|x86.Build.0 = Debug|Any CPU
		{77D20324-A4FA-4EB4-A9A0-7C8D15979938}.Release|Any CPU.ActiveCfg = Release|Any CPU
		{77D20324-A4FA-4EB4-A9A0-7C8D15979938}.Release|Any CPU.Build.0 = Release|Any CPU
		{77D20324-A4FA-4EB4-A9A0-7C8D15979938}.Release|x64.ActiveCfg = Release|Any CPU
		{77D20324-A4FA-4EB4-A9A0-7C8D15979938}.Release|x64.Build.0 = Release|Any CPU
		{77D20324-A4FA-4EB4-A9A0-7C8D15979938}.Release|x86.ActiveCfg = Release|Any CPU
		{77D20324-A4FA-4EB4-A9A0-7C8D15979938}.Release|x86.Build.0 = Release|Any CPU
		{9F853986-A307-4F48-AE7C-0D1389942F55}.Debug|Any CPU.ActiveCfg = Debug|Any CPU
		{9F853986-A307-4F48-AE7C-0D1389942F55}.Debug|Any CPU.Build.0 = Debug|Any CPU
		{9F853986-A307-4F48-AE7C-0D1389942F55}.Debug|x64.ActiveCfg = Debug|Any CPU
		{9F853986-A307-4F48-AE7C-0D1389942F55}.Debug|x64.Build.0 = Debug|Any CPU
		{9F853986-A307-4F48-AE7C-0D1389942F55}.Debug|x86.ActiveCfg = Debug|Any CPU
		{9F853986-A307-4F48-AE7C-0D1389942F55}.Debug|x86.Build.0 = Debug|Any CPU
		{9F853986-A307-4F48-AE7C-0D1389942F55}.Release|Any CPU.ActiveCfg = Release|Any CPU
		{9F853986-A307-4F48-AE7C-0D1389942F55}.Release|Any CPU.Build.0 = Release|Any CPU
		{9F853986-A307-4F48-AE7C-0D1389942F55}.Release|x64.ActiveCfg = Release|Any CPU
		{9F853986-A307-4F48-AE7C-0D1389942F55}.Release|x64.Build.0 = Release|Any CPU
		{9F853986-A307-4F48-AE7C-0D1389942F55}.Release|x86.ActiveCfg = Release|Any CPU
		{9F853986-A307-4F48-AE7C-0D1389942F55}.Release|x86.Build.0 = Release|Any CPU
		{0D333B95-6BC2-4087-9AB3-69F338743CEA}.Debug|Any CPU.ActiveCfg = Debug|Any CPU
		{0D333B95-6BC2-4087-9AB3-69F338743CEA}.Debug|Any CPU.Build.0 = Debug|Any CPU
		{0D333B95-6BC2-4087-9AB3-69F338743CEA}.Debug|x64.ActiveCfg = Debug|Any CPU
		{0D333B95-6BC2-4087-9AB3-69F338743CEA}.Debug|x64.Build.0 = Debug|Any CPU
		{0D333B95-6BC2-4087-9AB3-69F338743CEA}.Debug|x86.ActiveCfg = Debug|Any CPU
		{0D333B95-6BC2-4087-9AB3-69F338743CEA}.Debug|x86.Build.0 = Debug|Any CPU
		{0D333B95-6BC2-4087-9AB3-69F338743CEA}.Release|Any CPU.ActiveCfg = Release|Any CPU
		{0D333B95-6BC2-4087-9AB3-69F338743CEA}.Release|Any CPU.Build.0 = Release|Any CPU
		{0D333B95-6BC2-4087-9AB3-69F338743CEA}.Release|x64.ActiveCfg = Release|Any CPU
		{0D333B95-6BC2-4087-9AB3-69F338743CEA}.Release|x64.Build.0 = Release|Any CPU
		{0D333B95-6BC2-4087-9AB3-69F338743CEA}.Release|x86.ActiveCfg = Release|Any CPU
		{0D333B95-6BC2-4087-9AB3-69F338743CEA}.Release|x86.Build.0 = Release|Any CPU
		{8A31AB8B-69DF-4B0A-B7EA-96067084CEF3}.Debug|Any CPU.ActiveCfg = Debug|Any CPU
		{8A31AB8B-69DF-4B0A-B7EA-96067084CEF3}.Debug|Any CPU.Build.0 = Debug|Any CPU
		{8A31AB8B-69DF-4B0A-B7EA-96067084CEF3}.Debug|x64.ActiveCfg = Debug|Any CPU
		{8A31AB8B-69DF-4B0A-B7EA-96067084CEF3}.Debug|x64.Build.0 = Debug|Any CPU
		{8A31AB8B-69DF-4B0A-B7EA-96067084CEF3}.Debug|x86.ActiveCfg = Debug|Any CPU
		{8A31AB8B-69DF-4B0A-B7EA-96067084CEF3}.Debug|x86.Build.0 = Debug|Any CPU
		{8A31AB8B-69DF-4B0A-B7EA-96067084CEF3}.Release|Any CPU.ActiveCfg = Release|Any CPU
		{8A31AB8B-69DF-4B0A-B7EA-96067084CEF3}.Release|Any CPU.Build.0 = Release|Any CPU
		{8A31AB8B-69DF-4B0A-B7EA-96067084CEF3}.Release|x64.ActiveCfg = Release|Any CPU
		{8A31AB8B-69DF-4B0A-B7EA-96067084CEF3}.Release|x64.Build.0 = Release|Any CPU
		{8A31AB8B-69DF-4B0A-B7EA-96067084CEF3}.Release|x86.ActiveCfg = Release|Any CPU
		{8A31AB8B-69DF-4B0A-B7EA-96067084CEF3}.Release|x86.Build.0 = Release|Any CPU
		{215E2510-AD45-4B76-A876-028EBD171E8E}.Debug|Any CPU.ActiveCfg = Debug|Any CPU
		{215E2510-AD45-4B76-A876-028EBD171E8E}.Debug|Any CPU.Build.0 = Debug|Any CPU
		{215E2510-AD45-4B76-A876-028EBD171E8E}.Debug|x64.ActiveCfg = Debug|Any CPU
		{215E2510-AD45-4B76-A876-028EBD171E8E}.Debug|x64.Build.0 = Debug|Any CPU
		{215E2510-AD45-4B76-A876-028EBD171E8E}.Debug|x86.ActiveCfg = Debug|Any CPU
		{215E2510-AD45-4B76-A876-028EBD171E8E}.Debug|x86.Build.0 = Debug|Any CPU
		{215E2510-AD45-4B76-A876-028EBD171E8E}.Release|Any CPU.ActiveCfg = Release|Any CPU
		{215E2510-AD45-4B76-A876-028EBD171E8E}.Release|Any CPU.Build.0 = Release|Any CPU
		{215E2510-AD45-4B76-A876-028EBD171E8E}.Release|x64.ActiveCfg = Release|Any CPU
		{215E2510-AD45-4B76-A876-028EBD171E8E}.Release|x64.Build.0 = Release|Any CPU
		{215E2510-AD45-4B76-A876-028EBD171E8E}.Release|x86.ActiveCfg = Release|Any CPU
		{215E2510-AD45-4B76-A876-028EBD171E8E}.Release|x86.Build.0 = Release|Any CPU
		{CABD01A5-71E0-4680-BD63-E42143A49377}.Debug|Any CPU.ActiveCfg = Debug|Any CPU
		{CABD01A5-71E0-4680-BD63-E42143A49377}.Debug|Any CPU.Build.0 = Debug|Any CPU
		{CABD01A5-71E0-4680-BD63-E42143A49377}.Debug|x64.ActiveCfg = Debug|Any CPU
		{CABD01A5-71E0-4680-BD63-E42143A49377}.Debug|x64.Build.0 = Debug|Any CPU
		{CABD01A5-71E0-4680-BD63-E42143A49377}.Debug|x86.ActiveCfg = Debug|Any CPU
		{CABD01A5-71E0-4680-BD63-E42143A49377}.Debug|x86.Build.0 = Debug|Any CPU
		{CABD01A5-71E0-4680-BD63-E42143A49377}.Release|Any CPU.ActiveCfg = Release|Any CPU
		{CABD01A5-71E0-4680-BD63-E42143A49377}.Release|Any CPU.Build.0 = Release|Any CPU
		{CABD01A5-71E0-4680-BD63-E42143A49377}.Release|x64.ActiveCfg = Release|Any CPU
		{CABD01A5-71E0-4680-BD63-E42143A49377}.Release|x64.Build.0 = Release|Any CPU
		{CABD01A5-71E0-4680-BD63-E42143A49377}.Release|x86.ActiveCfg = Release|Any CPU
		{CABD01A5-71E0-4680-BD63-E42143A49377}.Release|x86.Build.0 = Release|Any CPU
	EndGlobalSection
	GlobalSection(SolutionProperties) = preSolution
		HideSolutionNode = FALSE
	EndGlobalSection
	GlobalSection(NestedProjects) = preSolution
		{8A31AB8B-69DF-4B0A-B7EA-96067084CEF3} = {0D93F4E3-6D57-ABC9-1096-DE9EDDE49B44}
		{215E2510-AD45-4B76-A876-028EBD171E8E} = {0D93F4E3-6D57-ABC9-1096-DE9EDDE49B44}
		{CABD01A5-71E0-4680-BD63-E42143A49377} = {0D93F4E3-6D57-ABC9-1096-DE9EDDE49B44}
	EndGlobalSection
	GlobalSection(ExtensibilityGlobals) = postSolution
		SolutionGuid = {7EA061B4-1BBD-4ADF-80DE-283129FEB03A}
	EndGlobalSection
EndGlobal
